
Microsoft Visual Studio Solution File, Format Version 12.00
# Visual Studio Version 16
VisualStudioVersion = 16.0.31624.102
MinimumVisualStudioVersion = 10.0.40219.1
Project("{FAE04EC0-301F-11D3-BF4B-00C04F79EFBC}") = "WpfApp1", "WpfApp1\WpfApp1.csproj", "{7048D32E-D61C-4369-8831-7254E6225C8D}"
EndProject
Project("{2150E333-8FDC-42A3-9474-1A3956D46DE8}") = "icons", "icons", "{F2E487D6-A2B8-4F2C-B6E6-21A4B541752E}"
	ProjectSection(SolutionItems) = preProject
		WpfApp1\icons\bold_format_editor_tool_icon_146015.png = WpfApp1\icons\bold_format_editor_tool_icon_146015.png
		WpfApp1\icons\italic_em_emphasis_format_editor_tool_icon_145968.png = WpfApp1\icons\italic_em_emphasis_format_editor_tool_icon_145968.png
		WpfApp1\icons\savetheapplication_guardar_2958.png = WpfApp1\icons\savetheapplication_guardar_2958.png
		WpfApp1\icons\success_win_done_mark_icon_145928.png = WpfApp1\icons\success_win_done_mark_icon_145928.png
		WpfApp1\icons\trash_remove_icon_145922.png = WpfApp1\icons\trash_remove_icon_145922.png
		WpfApp1\icons\underline_format_editor_tool_icon_145920.png = WpfApp1\icons\underline_format_editor_tool_icon_145920.png
	EndProjectSection
EndProject
Global
	GlobalSection(SolutionConfigurationPlatforms) = preSolution
		Debug|Any CPU = Debug|Any CPU
		Release|Any CPU = Release|Any CPU
	EndGlobalSection
	GlobalSection(ProjectConfigurationPlatforms) = postSolution
		{7048D32E-D61C-4369-8831-7254E6225C8D}.Debug|Any CPU.ActiveCfg = Debug|Any CPU
		{7048D32E-D61C-4369-8831-7254E6225C8D}.Debug|Any CPU.Build.0 = Debug|Any CPU
		{7048D32E-D61C-4369-8831-7254E6225C8D}.Release|Any CPU.ActiveCfg = Release|Any CPU
		{7048D32E-D61C-4369-8831-7254E6225C8D}.Release|Any CPU.Build.0 = Release|Any CPU
	EndGlobalSection
	GlobalSection(SolutionProperties) = preSolution
		HideSolutionNode = FALSE
	EndGlobalSection
	GlobalSection(ExtensibilityGlobals) = postSolution
		SolutionGuid = {E4E5272A-7A28-458B-8C8B-6F8FDB18C6D3}
	EndGlobalSection
EndGlobal
