
Microsoft Visual Studio Solution File, Format Version 12.00
# Visual Studio Version 17
VisualStudioVersion = 17.0.32126.317
MinimumVisualStudioVersion = 10.0.40219.1
Project("{FAE04EC0-301F-11D3-BF4B-00C04F79EFBC}") = "pz_4", "pz_4\pz_4.csproj", "{ED40E07B-A247-47E7-9C97-465BB9F71813}"
EndProject
Global
	GlobalSection(SolutionConfigurationPlatforms) = preSolution
		Debug|Any CPU = Debug|Any CPU
		Release|Any CPU = Release|Any CPU
	EndGlobalSection
	GlobalSection(ProjectConfigurationPlatforms) = postSolution
		{ED40E07B-A247-47E7-9C97-465BB9F71813}.Debug|Any CPU.ActiveCfg = Debug|Any CPU
		{ED40E07B-A247-47E7-9C97-465BB9F71813}.Debug|Any CPU.Build.0 = Debug|Any CPU
		{ED40E07B-A247-47E7-9C97-465BB9F71813}.Release|Any CPU.ActiveCfg = Release|Any CPU
		{ED40E07B-A247-47E7-9C97-465BB9F71813}.Release|Any CPU.Build.0 = Release|Any CPU
	EndGlobalSection
	GlobalSection(SolutionProperties) = preSolution
		HideSolutionNode = FALSE
	EndGlobalSection
	GlobalSection(ExtensibilityGlobals) = postSolution
		SolutionGuid = {80657222-B327-4947-85C1-447FB0EE1580}
	EndGlobalSection
EndGlobal
